Microsoft Visual Studio Solution File, Format Version 12.00
# Visual Studio 15
VisualStudioVersion = 15.0.26606.0
MinimumVisualStudioVersion = 10.0.40219.1
Project("{2150E333-8FDC-42A3-9474-1A3956D46DE8}") = "Solution Items", "Solution Items", "{9E900B97-5D08-4CA4-B514-B17ED43B00D4}"
	ProjectSection(SolutionItems) = preProject
		LICENSE.txt = LICENSE.txt
		README.md = README.md
	EndProjectSection
EndProject
Project("{2150E333-8FDC-42A3-9474-1A3956D46DE8}") = "src", "src", "{A007DF6A-F4D5-4B31-9434-A684A27E39D3}"
EndProject
Project("{2150E333-8FDC-42A3-9474-1A3956D46DE8}") = "test", "test", "{FFEA107A-3EBF-4393-B9D7-96BFD71EA548}"
EndProject
Project("{9A19103F-16F7-4668-BE54-9A1E7A4F7556}") = "Lms", "src\Lms\Lms.csproj", "{FEEA5CD1-55C8-4739-80CA-5BF7A99B60E8}"
EndProject
Project("{9A19103F-16F7-4668-BE54-9A1E7A4F7556}") = "Lms.Test", "test\Lms.Test\Lms.Test.csproj", "{32A4D261-D554-4200-8E6C-E60FEE23EBB8}"
EndProject
Global
	GlobalSection(SolutionConfigurationPlatforms) = preSolution
		Debug|Any CPU = Debug|Any CPU
		Debug|x64 = Debug|x64
		Debug|x86 = Debug|x86
		Release|Any CPU = Release|Any CPU
		Release|x64 = Release|x64
		Release|x86 = Release|x86
	EndGlobalSection
	GlobalSection(ProjectConfigurationPlatforms) = postSolution
		{FEEA5CD1-55C8-4739-80CA-5BF7A99B60E8}.Debug|Any CPU.ActiveCfg = Debug|Any CPU
		{FEEA5CD1-55C8-4739-80CA-5BF7A99B60E8}.Debug|Any CPU.Build.0 = Debug|Any CPU
		{FEEA5CD1-55C8-4739-80CA-5BF7A99B60E8}.Debug|x64.ActiveCfg = Debug|Any CPU
		{FEEA5CD1-55C8-4739-80CA-5BF7A99B60E8}.Debug|x64.Build.0 = Debug|Any CPU
		{FEEA5CD1-55C8-4739-80CA-5BF7A99B60E8}.Debug|x86.ActiveCfg = Debug|Any CPU
		{FEEA5CD1-55C8-4739-80CA-5BF7A99B60E8}.Debug|x86.Build.0 = Debug|Any CPU
		{FEEA5CD1-55C8-4739-80CA-5BF7A99B60E8}.Release|Any CPU.ActiveCfg = Release|Any CPU
		{FEEA5CD1-55C8-4739-80CA-5BF7A99B60E8}.Release|Any CPU.Build.0 = Release|Any CPU
		{FEEA5CD1-55C8-4739-80CA-5BF7A99B60E8}.Release|x64.ActiveCfg = Release|Any CPU
		{FEEA5CD1-55C8-4739-80CA-5BF7A99B60E8}.Release|x64.Build.0 = Release|Any CPU
		{FEEA5CD1-55C8-4739-80CA-5BF7A99B60E8}.Release|x86.ActiveCfg = Release|Any CPU
		{FEEA5CD1-55C8-4739-80CA-5BF7A99B60E8}.Release|x86.Build.0 = Release|Any CPU
		{32A4D261-D554-4200-8E6C-E60FEE23EBB8}.Debug|Any CPU.ActiveCfg = Debug|Any CPU
		{32A4D261-D554-4200-8E6C-E60FEE23EBB8}.Debug|Any CPU.Build.0 = Debug|Any CPU
		{32A4D261-D554-4200-8E6C-E60FEE23EBB8}.Debug|x64.ActiveCfg = Debug|Any CPU
		{32A4D261-D554-4200-8E6C-E60FEE23EBB8}.Debug|x64.Build.0 = Debug|Any CPU
		{32A4D261-D554-4200-8E6C-E60FEE23EBB8}.Debug|x86.ActiveCfg = Debug|Any CPU
		{32A4D261-D554-4200-8E6C-E60FEE23EBB8}.Debug|x86.Build.0 = Debug|Any CPU
		{32A4D261-D554-4200-8E6C-E60FEE23EBB8}.Release|Any CPU.ActiveCfg = Release|Any CPU
		{32A4D261-D554-4200-8E6C-E60FEE23EBB8}.Release|Any CPU.Build.0 = Release|Any CPU
		{32A4D261-D554-4200-8E6C-E60FEE23EBB8}.Release|x64.ActiveCfg = Release|Any CPU
		{32A4D261-D554-4200-8E6C-E60FEE23EBB8}.Release|x64.Build.0 = Release|Any CPU
		{32A4D261-D554-4200-8E6C-E60FEE23EBB8}.Release|x86.ActiveCfg = Release|Any CPU
		{32A4D261-D554-4200-8E6C-E60FEE23EBB8}.Release|x86.Build.0 = Release|Any CPU
	EndGlobalSection
	GlobalSection(SolutionProperties) = preSolution
		HideSolutionNode = FALSE
	EndGlobalSection
	GlobalSection(NestedProjects) = preSolution
		{FEEA5CD1-55C8-4739-80CA-5BF7A99B60E8} = {A007DF6A-F4D5-4B31-9434-A684A27E39D3}
		{32A4D261-D554-4200-8E6C-E60FEE23EBB8} = {FFEA107A-3EBF-4393-B9D7-96BFD71EA548}
	EndGlobalSection
EndGlobal
